
Microsoft Visual Studio Solution File, Format Version 12.00
# Visual Studio Version 16
VisualStudioVersion = 16.0.31313.79
MinimumVisualStudioVersion = 10.0.40219.1
Project("{FAE04EC0-301F-11D3-BF4B-00C04F79EFBC}") = "ByteBank.SystemAgency", "ByteBank.SystemAgency\ByteBank.SystemAgency.csproj", "{25ACA5F8-65B3-4636-AAFC-C1417046628F}"
EndProject
Project("{FAE04EC0-301F-11D3-BF4B-00C04F79EFBC}") = "ByteBank.Models", "ByteBank,SystemAgency.Models\ByteBank.Models.csproj", "{41C1BF74-B982-4093-B757-12BDBAFE04C3}"
EndProject
Global
	GlobalSection(SolutionConfigurationPlatforms) = preSolution
		Debug|Any CPU = Debug|Any CPU
		Release|Any CPU = Release|Any CPU
	EndGlobalSection
	GlobalSection(ProjectConfigurationPlatforms) = postSolution
		{25ACA5F8-65B3-4636-AAFC-C1417046628F}.Debug|Any CPU.ActiveCfg = Debug|Any CPU
		{25ACA5F8-65B3-4636-AAFC-C1417046628F}.Debug|Any CPU.Build.0 = Debug|Any CPU
		{25ACA5F8-65B3-4636-AAFC-C1417046628F}.Release|Any CPU.ActiveCfg = Release|Any CPU
		{25ACA5F8-65B3-4636-AAFC-C1417046628F}.Release|Any CPU.Build.0 = Release|Any CPU
		{41C1BF74-B982-4093-B757-12BDBAFE04C3}.Debug|Any CPU.ActiveCfg = Debug|Any CPU
		{41C1BF74-B982-4093-B757-12BDBAFE04C3}.Debug|Any CPU.Build.0 = Debug|Any CPU
		{41C1BF74-B982-4093-B757-12BDBAFE04C3}.Release|Any CPU.ActiveCfg = Release|Any CPU
		{41C1BF74-B982-4093-B757-12BDBAFE04C3}.Release|Any CPU.Build.0 = Release|Any CPU
	EndGlobalSection
	GlobalSection(SolutionProperties) = preSolution
		HideSolutionNode = FALSE
	EndGlobalSection
	GlobalSection(ExtensibilityGlobals) = postSolution
		SolutionGuid = {B0474D97-CF3A-46E1-85A6-1214675DB1F3}
	EndGlobalSection
EndGlobal
